
Microsoft Visual Studio Solution File, Format Version 12.00
# Visual Studio Version 16
VisualStudioVersion = 16.0.30413.136
MinimumVisualStudioVersion = 10.0.40219.1
Project("{FAE04EC0-301F-11D3-BF4B-00C04F79EFBC}") = "Biokit", "Biokit\Biokit.csproj", "{9E8E1ED7-C285-4683-AD81-02D33105D789}"
EndProject
Global
	GlobalSection(SolutionConfigurationPlatforms) = preSolution
		Debug|Any CPU = Debug|Any CPU
		Release|Any CPU = Release|Any CPU
	EndGlobalSection
	GlobalSection(ProjectConfigurationPlatforms) = postSolution
		{9E8E1ED7-C285-4683-AD81-02D33105D789}.Debug|Any CPU.ActiveCfg = Debug|Any CPU
		{9E8E1ED7-C285-4683-AD81-02D33105D789}.Debug|Any CPU.Build.0 = Debug|Any CPU
		{9E8E1ED7-C285-4683-AD81-02D33105D789}.Release|Any CPU.ActiveCfg = Release|Any CPU
		{9E8E1ED7-C285-4683-AD81-02D33105D789}.Release|Any CPU.Build.0 = Release|Any CPU
	EndGlobalSection
	GlobalSection(SolutionProperties) = preSolution
		HideSolutionNode = FALSE
	EndGlobalSection
	GlobalSection(ExtensibilityGlobals) = postSolution
		SolutionGuid = {2EAA6383-D581-4A16-A9C1-DB48760C9D4D}
	EndGlobalSection
EndGlobal
